// !$*UTF8*$!
{
	archiveVersion = 1;
	classes = {
	};
	objectVersion = 46;
	objects = {

/* Begin PBXBuildFile section */
		F1E89DBB1A37AD53007C4166 /* main.swift in Sources */ = {isa = PBXBuildFile; fileRef = F1E89DBA1A37AD53007C4166 /* main.swift */; };
/* End PBXBuildFile section */

/* Begin PBXCopyFilesBuildPhase section */
		F1E89DB51A37AD53007C4166 /* CopyFiles */ = {
			isa = PBXCopyFilesBuildPhase;
			buildActionMask = 2147483647;
			dstPath = /usr/share/man/man1/;
			dstSubfolderSpec = 0;
			files = (
			);
			runOnlyForDeploymentPostprocessing = 1;
		};
/* End PBXCopyFilesBuildPhase section */

/* Begin PBXFileReference section */
		44460DEF1CF89B0F008BE7E1 /* swift language.playground */ = {isa = PBXFileReference; lastKnownFileType = file.playground; path = "swift language.playground"; sourceTree = "<group>"; };
		44460DF01CF8A3FF008BE7E1 /* Swift Standard Library.playground */ = {isa = PBXFileReference; lastKnownFileType = file.playground; path = "Swift Standard Library.playground"; sourceTree = "<group>"; };
		44A11AF81D032DD000C8A97D /* SwiftLocalizedString.playground */ = {isa = PBXFileReference; lastKnownFileType = file.playground; path = SwiftLocalizedString.playground; sourceTree = "<group>"; };
		44B7B00F1D0326F20030EC8D /* UIStackView.playground */ = {isa = PBXFileReference; lastKnownFileType = file.playground; path = UIStackView.playground; sourceTree = "<group>"; };
		44D7694E1CFDD9680031291B /* Help.playground */ = {isa = PBXFileReference; lastKnownFileType = file.playground; path = Help.playground; sourceTree = "<group>"; };
		F1E89DB71A37AD53007C4166 /* Simple */ = {isa = PBXFileReference; explicitFileType = "compiled.mach-o.executable"; includeInIndex = 0; path = Simple; sourceTree = BUILT_PRODUCTS_DIR; };
		F1E89DBA1A37AD53007C4166 /* main.swift */ = {isa = PBXFileReference; lastKnownFileType = sourcecode.swift; path = main.swift; sourceTree = "<group>"; };
/* End PBXFileReference section */

/* Begin PBXFrameworksBuildPhase section */
		F1E89DB41A37AD53007C4166 /* Frameworks */ = {
			isa = PBXFrameworksBuildPhase;
			buildActionMask = 2147483647;
			files = (
			);
			runOnlyForDeploymentPostprocessing = 0;
		};
/* End PBXFrameworksBuildPhase section */

/* Begin PBXGroup section */
		F1E89DAE1A37AD53007C4166 = {
			isa = PBXGroup;
			children = (
				44A11AF81D032DD000C8A97D /* SwiftLocalizedString.playground */,
				44B7B00F1D0326F20030EC8D /* UIStackView.playground */,
				44460DF01CF8A3FF008BE7E1 /* Swift Standard Library.playground */,
				44D7694E1CFDD9680031291B /* Help.playground */,
				44460DEF1CF89B0F008BE7E1 /* swift language.playground */,
				F1E89DB91A37AD53007C4166 /* Simple */,
				F1E89DB81A37AD53007C4166 /* Products */,
			);
			sourceTree = "<group>";
		};
		F1E89DB81A37AD53007C4166 /* Products */ = {
			isa = PBXGroup;
			children = (
				F1E89DB71A37AD53007C4166 /* Simple */,
			);
			name = Products;
			sourceTree = "<group>";
		};
		F1E89DB91A37AD53007C4166 /* Simple */ = {
			isa = PBXGroup;
			children = (
				F1E89DBA1A37AD53007C4166 /* main.swift */,
			);
			path = Simple;
			sourceTree = "<group>";
		};
/* End PBXGroup section */

/* Begin PBXNativeTarget section */
		F1E89DB61A37AD53007C4166 /* Simple */ = {
			isa = PBXNativeTarget;
			buildConfigurationList = F1E89DBE1A37AD53007C4166 /* Build configuration list for PBXNativeTarget "Simple" */;
			buildPhases = (
				F1E89DB31A37AD53007C4166 /* Sources */,
				F1E89DB41A37AD53007C4166 /* Frameworks */,
				F1E89DB51A37AD53007C4166 /* CopyFiles */,
			);
			buildRules = (
			);
			dependencies = (
			);
			name = Simple;
			productName = Simple;
			productReference = F1E89DB71A37AD53007C4166 /* Simple */;
			productType = "com.apple.product-type.tool";
		};
/* End PBXNativeTarget section */

/* Begin PBXProject section */
		F1E89DAF1A37AD53007C4166 /* Project object */ = {
			isa = PBXProject;
			attributes = {
				LastSwiftMigration = 0700;
				LastSwiftUpdateCheck = 0700;
				LastUpgradeCheck = 0700;
				ORGANIZATIONNAME = com.jikexueyuan;
				TargetAttributes = {
					F1E89DB61A37AD53007C4166 = {
						CreatedOnToolsVersion = 6.1;
					};
				};
			};
			buildConfigurationList = F1E89DB21A37AD53007C4166 /* Build configuration list for PBXProject "Simple" */;
			compatibilityVersion = "Xcode 3.2";
			developmentRegion = English;
			hasScannedForEncodings = 0;
			knownRegions = (
				en,
			);
			mainGroup = F1E89DAE1A37AD53007C4166;
			productRefGroup = F1E89DB81A37AD53007C4166 /* Products */;
			projectDirPath = "";
			projectRoot = "";
			targets = (
				F1E89DB61A37AD53007C4166 /* Simple */,
			);
		};
/* End PBXProject section */

/* Begin PBXSourcesBuildPhase section */
		F1E89DB31A37AD53007C4166 /* Sources */ = {
			isa = PBXSourcesBuildPhase;
			buildActionMask = 2147483647;
			files = (
				F1E89DBB1A37AD53007C4166 /* main.swift in Sources */,
			);
			runOnlyForDeploymentPostprocessing = 0;
		};
/* End PBXSourcesBuildPhase section */

/* Begin XCBuildConfiguration section */
		F1E89DBC1A37AD53007C4166 /* Debug */ = {
			isa = XCBuildConfiguration;
			buildSettings = {
				ALWAYS_SEARCH_USER_PATHS = NO;
				CLANG_CXX_LANGUAGE_STANDARD = "gnu++0x";
				CLANG_CXX_LIBRARY = "libc++";
				CLANG_ENABLE_MODULES = YES;
				CLANG_ENABLE_OBJC_ARC = YES;
				CLANG_WARN_BOOL_CONVERSION = YES;
				CLANG_WARN_CONSTANT_CONVERSION = YES;
				CLANG_WARN_DIRECT_OBJC_ISA_USAGE = YES_ERROR;
				CLANG_WARN_EMPTY_BODY = YES;
				CLANG_WARN_ENUM_CONVERSION = YES;
				CLANG_WARN_INT_CONVERSION = YES;
				CLANG_WARN_OBJC_ROOT_CLASS = YES_ERROR;
				CLANG_WARN_UNREACHABLE_CODE = YES;
				CLANG_WARN__DUPLICATE_METHOD_MATCH = YES;
				COPY_PHASE_STRIP = NO;
				ENABLE_STRICT_OBJC_MSGSEND = YES;
				ENABLE_TESTABILITY = YES;
				GCC_C_LANGUAGE_STANDARD = gnu99;
				GCC_DYNAMIC_NO_PIC = NO;
				GCC_OPTIMIZATION_LEVEL = 0;
				GCC_PREPROCESSOR_DEFINITIONS = (
					"DEBUG=1",
					"$(inherited)",
				);
				GCC_SYMBOLS_PRIVATE_EXTERN = NO;
				GCC_WARN_64_TO_32_BIT_CONVERSION = YES;
				GCC_WARN_ABOUT_RETURN_TYPE = YES_ERROR;
				GCC_WARN_UNDECLARED_SELECTOR = YES;
				GCC_WARN_UNINITIALIZED_AUTOS = YES_AGGRESSIVE;
				GCC_WARN_UNUSED_FUNCTION = YES;
				GCC_WARN_UNUSED_VARIABLE = YES;
				MACOSX_DEPLOYMENT_TARGET = 10.10;
				MTL_ENABLE_DEBUG_INFO = YES;
				ONLY_ACTIVE_ARCH = YES;
				SDKROOT = macosx;
				SWIFT_OPTIMIZATION_LEVEL = "-Onone";
			};
			name = Debug;
		};
		F1E89DBD1A37AD53007C4166 /* Release */ = {
			isa = XCBuildConfiguration;
			buildSettings = {
				ALWAYS_SEARCH_USER_PATHS = NO;
				CLANG_CXX_LANGUAGE_STANDARD = "gnu++0x";
				CLANG_CXX_LIBRARY = "libc++";
				CLANG_ENABLE_MODULES = YES;
				CLANG_ENABLE_OBJC_ARC = YES;
				CLANG_WARN_BOOL_CONVERSION = YES;
				CLANG_WARN_CONSTANT_CONVERSION = YES;
				CLANG_WARN_DIRECT_OBJC_ISA_USAGE = YES_ERROR;
				CLANG_WARN_EMPTY_BODY = YES;
				CLANG_WARN_ENUM_CONVERSION = YES;
				CLANG_WARN_INT_CONVERSION = YES;
				CLANG_WARN_OBJC_ROOT_CLASS = YES_ERROR;
				CLANG_WARN_UNREACHABLE_CODE = YES;
				CLANG_WARN__DUPLICATE_METHOD_MATCH = YES;
				COPY_PHASE_STRIP = YES;
				DEBUG_INFORMATION_FORMAT = "dwarf-with-dsym";
				ENABLE_NS_ASSERTIONS = NO;
				ENABLE_STRICT_OBJC_MSGSEND = YES;
				GCC_C_LANGUAGE_STANDARD = gnu99;
				GCC_WARN_64_TO_32_BIT_CONVERSION = YES;
				GCC_WARN_ABOUT_RETURN_TYPE = YES_ERROR;
				GCC_WARN_UNDECLARED_SELECTOR = YES;
				GCC_WARN_UNINITIALIZED_AUTOS = YES_AGGRESSIVE;
				GCC_WARN_UNUSED_FUNCTION = YES;
				GCC_WARN_UNUSED_VARIABLE = YES;
				MACOSX_DEPLOYMENT_TARGET = 10.10;
				MTL_ENABLE_DEBUG_INFO = NO;
				SDKROOT = macosx;
			};
			name = Release;
		};
		F1E89DBF1A37AD53007C4166 /* Debug */ = {
			isa = XCBuildConfiguration;
			buildSettings = {
				PRODUCT_NAME = "$(TARGET_NAME)";
			};
			name = Debug;
		};
		F1E89DC01A37AD53007C4166 /* Release */ = {
			isa = XCBuildConfiguration;
			buildSettings = {
				PRODUCT_NAME = "$(TARGET_NAME)";
			};
			name = Release;
		};
/* End XCBuildConfiguration section */

/* Begin XCConfigurationList section */
		F1E89DB21A37AD53007C4166 /* Build configuration list for PBXProject "Simple" */ = {
			isa = XCConfigurationList;
			buildConfigurations = (
				F1E89DBC1A37AD53007C4166 /* Debug */,
				F1E89DBD1A37AD53007C4166 /* Release */,
			);
			defaultConfigurationIsVisible = 0;
			defaultConfigurationName = Release;
		};
		F1E89DBE1A37AD53007C4166 /* Build configuration list for PBXNativeTarget "Simple" */ = {
			isa = XCConfigurationList;
			buildConfigurations = (
				F1E89DBF1A37AD53007C4166 /* Debug */,
				F1E89DC01A37AD53007C4166 /* Release */,
			);
			defaultConfigurationIsVisible = 0;
			defaultConfigurationName = Release;
		};
/* End XCConfigurationList section */
	};
	rootObject = F1E89DAF1A37AD53007C4166 /* Project object */;
}
